// !$*UTF8*$!
{
	archiveVersion = 1;
	classes = {
	};
	objectVersion = 100;
	objects = {

/* Begin PBXContainerItemProxy section */
		A14DCA412F9E72CD001750D5 /* PBXContainerItemProxy */ = {
			isa = PBXContainerItemProxy;
			containerPortal = A14DCA292F9E72CC001750D5 /* Project object */;
			proxyType = 1;
			remoteGlobalIDString = A14DCA302F9E72CC001750D5;
			remoteInfo = daymark;
		};
		A14DCA4B2F9E72CD001750D5 /* PBXContainerItemProxy */ = {
			isa = PBXContainerItemProxy;
			containerPortal = A14DCA292F9E72CC001750D5 /* Project object */;
			proxyType = 1;
			remoteGlobalIDString = A14DCA302F9E72CC001750D5;
			remoteInfo = daymark;
		};
/* End PBXContainerItemProxy section */

/* Begin PBXCopyFilesBuildPhase section */
		B1A0001226AA000100000001 /* Embed App Extensions */ = {
			isa = PBXCopyFilesBuildPhase;
			dstPath = "";
			dstSubfolder = PlugIns;
			files = (
			);
			name = "Embed App Extensions";
		};
/* End PBXCopyFilesBuildPhase section */

/* Begin PBXFileReference section */
		A14DCA312F9E72CC001750D5 /* daymark.app */ = {isa = PBXFileReference; explicitFileType = wrapper.application; includeInIndex = 0; path = daymark.app; sourceTree = BUILT_PRODUCTS_DIR; };
		A14DCA402F9E72CD001750D5 /* daymarkTests.xctest */ = {isa = PBXFileReference; explicitFileType = wrapper.cfbundle; includeInIndex = 0; path = daymarkTests.xctest; sourceTree = BUILT_PRODUCTS_DIR; };
		A14DCA4A2F9E72CD001750D5 /* daymarkUITests.xctest */ = {isa = PBXFileReference; explicitFileType = wrapper.cfbundle; includeInIndex = 0; path = daymarkUITests.xctest; sourceTree = BUILT_PRODUCTS_DIR; };
/* End PBXFileReference section */

/* Begin PBXFileSystemSynchronizedRootGroup section */
		A14DCA332F9E72CC001750D5 /* daymark */ = {
			isa = PBXFileSystemSynchronizedRootGroup;
			path = daymark;
			sourceTree = "<group>";
		};
		A14DCA432F9E72CD001750D5 /* daymarkTests */ = {
			isa = PBXFileSystemSynchronizedRootGroup;
			path = daymarkTests;
			sourceTree = "<group>";
		};
		A14DCA4D2F9E72CD001750D5 /* daymarkUITests */ = {
			isa = PBXFileSystemSynchronizedRootGroup;
			path = daymarkUITests;
			sourceTree = "<group>";
		};
/* End PBXFileSystemSynchronizedRootGroup section */

/* Begin PBXFrameworksBuildPhase section */
		A14DCA2E2F9E72CC001750D5 /* Frameworks */ = {
			isa = PBXFrameworksBuildPhase;
			files = (
			);
		};
		A14DCA3D2F9E72CD001750D5 /* Frameworks */ = {
			isa = PBXFrameworksBuildPhase;
			files = (
			);
		};
		A14DCA472F9E72CD001750D5 /* Frameworks */ = {
			isa = PBXFrameworksBuildPhase;
			files = (
			);
		};
/* End PBXFrameworksBuildPhase section */

/* Begin PBXGroup section */
		A14DCA282F9E72CC001750D5 = {
			isa = PBXGroup;
			children = (
				A14DCA332F9E72CC001750D5 /* daymark */,
				A14DCA432F9E72CD001750D5 /* daymarkTests */,
				A14DCA4D2F9E72CD001750D5 /* daymarkUITests */,
				A14DCA322F9E72CC001750D5 /* Products */,
			);
			sourceTree = "<group>";
		};
		A14DCA322F9E72CC001750D5 /* Products */ = {
			isa = PBXGroup;
			children = (
				A14DCA312F9E72CC001750D5 /* daymark.app */,
				A14DCA402F9E72CD001750D5 /* daymarkTests.xctest */,
				A14DCA4A2F9E72CD001750D5 /* daymarkUITests.xctest */,
			);
			name = Products;
			sourceTree = "<group>";
		};
/* End PBXGroup section */

/* Begin PBXNativeTarget section */
		A14DCA302F9E72CC001750D5 /* daymark */ = {
			isa = PBXNativeTarget;
			buildConfigurationList = A14DCA542F9E72CD001750D5 /* Build configuration list for PBXNativeTarget "daymark" */;
			buildPhases = (
				A14DCA2D2F9E72CC001750D5 /* Sources */,
				A14DCA2E2F9E72CC001750D5 /* Frameworks */,
				A14DCA2F2F9E72CC001750D5 /* Resources */,
				B1A0001226AA000100000001 /* Embed App Extensions */,
			);
			buildRules = (
			);
			fileSystemSynchronizedGroups = (
				A14DCA332F9E72CC001750D5 /* daymark */,
			);
			name = daymark;
			productName = daymark;
			productReference = A14DCA312F9E72CC001750D5 /* daymark.app */;
			productType = "com.apple.product-type.application";
		};
		A14DCA3F2F9E72CD001750D5 /* daymarkTests */ = {
			isa = PBXNativeTarget;
			buildConfigurationList = A14DCA572F9E72CD001750D5 /* Build configuration list for PBXNativeTarget "daymarkTests" */;
			buildPhases = (
				A14DCA3C2F9E72CD001750D5 /* Sources */,
				A14DCA3D2F9E72CD001750D5 /* Frameworks */,
				A14DCA3E2F9E72CD001750D5 /* Resources */,
			);
			buildRules = (
			);
			dependencies = (
				A14DCA422F9E72CD001750D5 /* PBXTargetDependency */,
			);
			fileSystemSynchronizedGroups = (
				A14DCA432F9E72CD001750D5 /* daymarkTests */,
			);
			name = daymarkTests;
			productName = daymarkTests;
			productReference = A14DCA402F9E72CD001750D5 /* daymarkTests.xctest */;
			productType = "com.apple.product-type.bundle.unit-test";
		};
		A14DCA492F9E72CD001750D5 /* daymarkUITests */ = {
			isa = PBXNativeTarget;
			buildConfigurationList = A14DCA5A2F9E72CD001750D5 /* Build configuration list for PBXNativeTarget "daymarkUITests" */;
			buildPhases = (
				A14DCA462F9E72CD001750D5 /* Sources */,
				A14DCA472F9E72CD001750D5 /* Frameworks */,
				A14DCA482F9E72CD001750D5 /* Resources */,
			);
			buildRules = (
			);
			dependencies = (
				A14DCA4C2F9E72CD001750D5 /* PBXTargetDependency */,
			);
			fileSystemSynchronizedGroups = (
				A14DCA4D2F9E72CD001750D5 /* daymarkUITests */,
			);
			name = daymarkUITests;
			productName = daymarkUITests;
			productReference = A14DCA4A2F9E72CD001750D5 /* daymarkUITests.xctest */;
			productType = "com.apple.product-type.bundle.ui-testing";
		};
/* End PBXNativeTarget section */

/* Begin PBXProject section */
		A14DCA292F9E72CC001750D5 /* Project object */ = {
			isa = PBXProject;
			attributes = {
				BuildIndependentTargetsInParallel = 1;
				LastSwiftUpdateCheck = 2640;
				LastUpgradeCheck = 2640;
				TargetAttributes = {
					A14DCA302F9E72CC001750D5 = {
						CreatedOnToolsVersion = 26.4.1;
					};
					A14DCA3F2F9E72CD001750D5 = {
						CreatedOnToolsVersion = 26.4.1;
						TestTargetID = A14DCA302F9E72CC001750D5;
					};
					A14DCA492F9E72CD001750D5 = {
						CreatedOnToolsVersion = 26.4.1;
						TestTargetID = A14DCA302F9E72CC001750D5;
					};
				};
			};
			buildConfigurationList = A14DCA2C2F9E72CC001750D5 /* Build configuration list for PBXProject "daymark" */;
			developmentRegion = en;
			hasScannedForEncodings = 0;
			knownRegions = (
				en,
				Base,
			);
			mainGroup = A14DCA282F9E72CC001750D5;
			minimizedProjectReferenceProxies = 1;
			preferredProjectObjectVersion = 100;
			productRefGroup = A14DCA322F9E72CC001750D5 /* Products */;
			projectDirPath = "";
			projectRoot = "";
			targets = (
				A14DCA302F9E72CC001750D5 /* daymark */,
				A14DCA3F2F9E72CD001750D5 /* daymarkTests */,
				A14DCA492F9E72CD001750D5 /* daymarkUITests */,
			);
		};
/* End PBXProject section */

/* Begin PBXResourcesBuildPhase section */
		A14DCA2F2F9E72CC001750D5 /* Resources */ = {
			isa = PBXResourcesBuildPhase;
			files = (
			);
		};
		A14DCA3E2F9E72CD001750D5 /* Resources */ = {
			isa = PBXResourcesBuildPhase;
			files = (
			);
		};
		A14DCA482F9E72CD001750D5 /* Resources */ = {
			isa = PBXResourcesBuildPhase;
			files = (
			);
		};
/* End PBXResourcesBuildPhase section */

/* Begin PBXSourcesBuildPhase section */
		A14DCA2D2F9E72CC001750D5 /* Sources */ = {
			isa = PBXSourcesBuildPhase;
			files = (
			);
		};
		A14DCA3C2F9E72CD001750D5 /* Sources */ = {
			isa = PBXSourcesBuildPhase;
			files = (
			);
		};
		A14DCA462F9E72CD001750D5 /* Sources */ = {
			isa = PBXSourcesBuildPhase;
			files = (
			);
		};
/* End PBXSourcesBuildPhase section */

/* Begin PBXTargetDependency section */
		A14DCA422F9E72CD001750D5 /* PBXTargetDependency */ = {
			isa = PBXTargetDependency;
			target = A14DCA302F9E72CC001750D5 /* daymark */;
			targetProxy = A14DCA412F9E72CD001750D5 /* PBXContainerItemProxy */;
		};
		A14DCA4C2F9E72CD001750D5 /* PBXTargetDependency */ = {
			isa = PBXTargetDependency;
			target = A14DCA302F9E72CC001750D5 /* daymark */;
			targetProxy = A14DCA4B2F9E72CD001750D5 /* PBXContainerItemProxy */;
		};
/* End PBXTargetDependency section */

/* Begin XCBuildConfiguration section */
		A14DCA522F9E72CD001750D5 /* Debug configuration for PBXProject "daymark" */ = {
			isa = XCBuildConfiguration;
			buildSettings = {
				ALWAYS_SEARCH_USER_PATHS = NO;
				ASSETCATALOG_COMPILER_GENERATE_SWIFT_ASSET_SYMBOL_EXTENSIONS = YES;
				CLANG_ANALYZER_NONNULL = YES;
				CLANG_ANALYZER_NUMBER_OBJECT_CONVERSION = YES_AGGRESSIVE;
				CLANG_CXX_LANGUAGE_STANDARD = "gnu++20";
				CLANG_ENABLE_MODULES = YES;
				CLANG_ENABLE_OBJC_ARC = YES;
				CLANG_ENABLE_OBJC_WEAK = YES;
				CLANG_WARN_BLOCK_CAPTURE_AUTORELEASING = YES;
				CLANG_WARN_BOOL_CONVERSION = YES;
				CLANG_WARN_COMMA = YES;
				CLANG_WARN_CONSTANT_CONVERSION = YES;
				CLANG_WARN_DEPRECATED_OBJC_IMPLEMENTATIONS = YES;
				CLANG_WARN_DIRECT_OBJC_ISA_USAGE = YES_ERROR;
				CLANG_WARN_DOCUMENTATION_COMMENTS = YES;
				CLANG_WARN_EMPTY_BODY = YES;
				CLANG_WARN_ENUM_CONVERSION = YES;
				CLANG_WARN_INFINITE_RECURSION = YES;
				CLANG_WARN_INT_CONVERSION = YES;
				CLANG_WARN_NON_LITERAL_NULL_CONVERSION = YES;
				CLANG_WARN_OBJC_IMPLICIT_RETAIN_SELF = YES;
				CLANG_WARN_OBJC_LITERAL_CONVERSION = YES;
				CLANG_WARN_OBJC_ROOT_CLASS = YES_ERROR;
				CLANG_WARN_QUOTED_INCLUDE_IN_FRAMEWORK_HEADER = YES;
				CLANG_WARN_RANGE_LOOP_ANALYSIS = YES;
				CLANG_WARN_STRICT_PROTOTYPES = YES;
				CLANG_WARN_SUSPICIOUS_MOVE = YES;
				CLANG_WARN_UNGUARDED_AVAILABILITY = YES_AGGRESSIVE;
				CLANG_WARN_UNREACHABLE_CODE = YES;
				CLANG_WARN__DUPLICATE_METHOD_MATCH = YES;
				COPY_PHASE_STRIP = NO;
				DEBUG_INFORMATION_FORMAT = dwarf;
				DEVELOPMENT_TEAM = 9F9J47QA24;
				ENABLE_STRICT_OBJC_MSGSEND = YES;
				ENABLE_TESTABILITY = YES;
				ENABLE_USER_SCRIPT_SANDBOXING = YES;
				GCC_C_LANGUAGE_STANDARD = gnu17;
				GCC_DYNAMIC_NO_PIC = NO;
				GCC_NO_COMMON_BLOCKS = YES;
				GCC_OPTIMIZATION_LEVEL = 0;
				GCC_PREPROCESSOR_DEFINITIONS = (
					"DEBUG=1",
					"$(inherited)",
				);
				GCC_WARN_64_TO_32_BIT_CONVERSION = YES;
				GCC_WARN_ABOUT_RETURN_TYPE = YES_ERROR;
				GCC_WARN_UNDECLARED_SELECTOR = YES;
				GCC_WARN_UNINITIALIZED_AUTOS = YES_AGGRESSIVE;
				GCC_WARN_UNUSED_FUNCTION = YES;
				GCC_WARN_UNUSED_VARIABLE = YES;
				IPHONEOS_DEPLOYMENT_TARGET = 26.4;
				LOCALIZATION_PREFERS_STRING_CATALOGS = YES;
				MTL_ENABLE_DEBUG_INFO = INCLUDE_SOURCE;
				MTL_FAST_MATH = YES;
				ONLY_ACTIVE_ARCH = YES;
				SDKROOT = iphoneos;
				SWIFT_ACTIVE_COMPILATION_CONDITIONS = "DEBUG $(inherited)";
				SWIFT_OPTIMIZATION_LEVEL = "-Onone";
			};
			name = Debug;
		};
		A14DCA532F9E72CD001750D5 /* Release configuration for PBXProject "daymark" */ = {
			isa = XCBuildConfiguration;
			buildSettings = {
				ALWAYS_SEARCH_USER_PATHS = NO;
				ASSETCATALOG_COMPILER_GENERATE_SWIFT_ASSET_SYMBOL_EXTENSIONS = YES;
				CLANG_ANALYZER_NONNULL = YES;
				CLANG_ANALYZER_NUMBER_OBJECT_CONVERSION = YES_AGGRESSIVE;
				CLANG_CXX_LANGUAGE_STANDARD = "gnu++20";
				CLANG_ENABLE_MODULES = YES;
				CLANG_ENABLE_OBJC_ARC = YES;
				CLANG_ENABLE_OBJC_WEAK = YES;
				CLANG_WARN_BLOCK_CAPTURE_AUTORELEASING = YES;
				CLANG_WARN_BOOL_CONVERSION = YES;
				CLANG_WARN_COMMA = YES;
				CLANG_WARN_CONSTANT_CONVERSION = YES;
				CLANG_WARN_DEPRECATED_OBJC_IMPLEMENTATIONS = YES;
				CLANG_WARN_DIRECT_OBJC_ISA_USAGE = YES_ERROR;
				CLANG_WARN_DOCUMENTATION_COMMENTS = YES;
				CLANG_WARN_EMPTY_BODY = YES;
				CLANG_WARN_ENUM_CONVERSION = YES;
				CLANG_WARN_INFINITE_RECURSION = YES;
				CLANG_WARN_INT_CONVERSION = YES;
				CLANG_WARN_NON_LITERAL_NULL_CONVERSION = YES;
				CLANG_WARN_OBJC_IMPLICIT_RETAIN_SELF = YES;
				CLANG_WARN_OBJC_LITERAL_CONVERSION = YES;
				CLANG_WARN_OBJC_ROOT_CLASS = YES_ERROR;
				CLANG_WARN_QUOTED_INCLUDE_IN_FRAMEWORK_HEADER = YES;
				CLANG_WARN_RANGE_LOOP_ANALYSIS = YES;
				CLANG_WARN_STRICT_PROTOTYPES = YES;
				CLANG_WARN_SUSPICIOUS_MOVE = YES;
				CLANG_WARN_UNGUARDED_AVAILABILITY = YES_AGGRESSIVE;
				CLANG_WARN_UNREACHABLE_CODE = YES;
				CLANG_WARN__DUPLICATE_METHOD_MATCH = YES;
				COPY_PHASE_STRIP = NO;
				DEBUG_INFORMATION_FORMAT = "dwarf-with-dsym";
				DEVELOPMENT_TEAM = 9F9J47QA24;
				ENABLE_NS_ASSERTIONS = NO;
				ENABLE_STRICT_OBJC_MSGSEND = YES;
				ENABLE_USER_SCRIPT_SANDBOXING = YES;
				GCC_C_LANGUAGE_STANDARD = gnu17;
				GCC_NO_COMMON_BLOCKS = YES;
				GCC_WARN_64_TO_32_BIT_CONVERSION = YES;
				GCC_WARN_ABOUT_RETURN_TYPE = YES_ERROR;
				GCC_WARN_UNDECLARED_SELECTOR = YES;
				GCC_WARN_UNINITIALIZED_AUTOS = YES_AGGRESSIVE;
				GCC_WARN_UNUSED_FUNCTION = YES;
				GCC_WARN_UNUSED_VARIABLE = YES;
				IPHONEOS_DEPLOYMENT_TARGET = 26.4;
				LOCALIZATION_PREFERS_STRING_CATALOGS = YES;
				MTL_ENABLE_DEBUG_INFO = NO;
				MTL_FAST_MATH = YES;
				SDKROOT = iphoneos;
				SWIFT_COMPILATION_MODE = wholemodule;
				VALIDATE_PRODUCT = YES;
			};
			name = Release;
		};
		A14DCA552F9E72CD001750D5 /* Debug configuration for PBXNativeTarget "daymark" */ = {
			isa = XCBuildConfiguration;
			buildSettings = {
				ASSETCATALOG_COMPILER_APPICON_NAME = AppIcon;
				ASSETCATALOG_COMPILER_GLOBAL_ACCENT_COLOR_NAME = AccentColor;
				CODE_SIGN_ENTITLEMENTS = daymark/daymark.entitlements;
				CODE_SIGN_STYLE = Automatic;
				CURRENT_PROJECT_VERSION = 1;
				DEVELOPMENT_TEAM = 9F9J47QA24;
				ENABLE_PREVIEWS = YES;
				GENERATE_INFOPLIST_FILE = YES;
				INFOPLIST_KEY_NSLocationWhenInUseUsageDescription = "Allow Daymark to access your location to show places on the map and help organize entries.";
				INFOPLIST_KEY_NSPhotoLibraryUsageDescription = "Allow Daymark to access your photo library so you can pick photos for your entries.";
				INFOPLIST_KEY_UIApplicationSceneManifest_Generation = YES;
				INFOPLIST_KEY_UIApplicationSupportsIndirectInputEvents = YES;
				INFOPLIST_KEY_UILaunchScreen_Generation = YES;
				INFOPLIST_KEY_UIStatusBarStyle = UIStatusBarStyleDarkContent;
				INFOPLIST_KEY_UISupportedInterfaceOrientations_iPad = "UIInterfaceOrientationPortrait UIInterfaceOrientationPortraitUpsideDown UIInterfaceOrientationLandscapeLeft UIInterfaceOrientationLandscapeRight";
				INFOPLIST_KEY_UISupportedInterfaceOrientations_iPhone = "UIInterfaceOrientationPortrait UIInterfaceOrientationLandscapeLeft UIInterfaceOrientationLandscapeRight";
				IPHONEOS_DEPLOYMENT_TARGET = 26.0;
				LD_RUNPATH_SEARCH_PATHS = (
					"$(inherited)",
					"@executable_path/Frameworks",
				);
				MARKETING_VERSION = 1.0;
				PRODUCT_BUNDLE_IDENTIFIER = com.aaroncao.daymark;
				PRODUCT_NAME = "$(TARGET_NAME)";
				STRING_CATALOG_GENERATE_SYMBOLS = YES;
				SUPPORTED_PLATFORMS = "iphoneos iphonesimulator";
				SUPPORTS_MACCATALYST = NO;
				SUPPORTS_XR_DESIGNED_FOR_IPHONE_IPAD = NO;
				SWIFT_APPROACHABLE_CONCURRENCY = YES;
				SWIFT_DEFAULT_ACTOR_ISOLATION = MainActor;
				SWIFT_EMIT_LOC_STRINGS = YES;
				SWIFT_UPCOMING_FEATURE_MEMBER_IMPORT_VISIBILITY = YES;
				SWIFT_VERSION = 5.0;
				TARGETED_DEVICE_FAMILY = "1,2";
			};
			name = Debug;
		};
		A14DCA562F9E72CD001750D5 /* Release configuration for PBXNativeTarget "daymark" */ = {
			isa = XCBuildConfiguration;
			buildSettings = {
				ASSETCATALOG_COMPILER_APPICON_NAME = AppIcon;
				ASSETCATALOG_COMPILER_GLOBAL_ACCENT_COLOR_NAME = AccentColor;
				CODE_SIGN_ENTITLEMENTS = daymark/daymark.entitlements;
				CODE_SIGN_STYLE = Automatic;
				CURRENT_PROJECT_VERSION = 1;
				DEVELOPMENT_TEAM = 9F9J47QA24;
				ENABLE_PREVIEWS = YES;
				GENERATE_INFOPLIST_FILE = YES;
				INFOPLIST_KEY_NSLocationWhenInUseUsageDescription = "Allow Daymark to access your location to show places on the map and help organize entries.";
				INFOPLIST_KEY_NSPhotoLibraryUsageDescription = "Allow Daymark to access your photo library so you can pick photos for your entries.";
				INFOPLIST_KEY_UIApplicationSceneManifest_Generation = YES;
				INFOPLIST_KEY_UIApplicationSupportsIndirectInputEvents = YES;
				INFOPLIST_KEY_UILaunchScreen_Generation = YES;
				INFOPLIST_KEY_UIStatusBarStyle = UIStatusBarStyleDarkContent;
				INFOPLIST_KEY_UISupportedInterfaceOrientations_iPad = "UIInterfaceOrientationPortrait UIInterfaceOrientationPortraitUpsideDown UIInterfaceOrientationLandscapeLeft UIInterfaceOrientationLandscapeRight";
				INFOPLIST_KEY_UISupportedInterfaceOrientations_iPhone = "UIInterfaceOrientationPortrait UIInterfaceOrientationLandscapeLeft UIInterfaceOrientationLandscapeRight";
				IPHONEOS_DEPLOYMENT_TARGET = 26.0;
				LD_RUNPATH_SEARCH_PATHS = (
					"$(inherited)",
					"@executable_path/Frameworks",
				);
				MARKETING_VERSION = 1.0;
				PRODUCT_BUNDLE_IDENTIFIER = com.aaroncao.daymark;
				PRODUCT_NAME = "$(TARGET_NAME)";
				STRING_CATALOG_GENERATE_SYMBOLS = YES;
				SUPPORTED_PLATFORMS = "iphoneos iphonesimulator";
				SUPPORTS_MACCATALYST = NO;
				SUPPORTS_XR_DESIGNED_FOR_IPHONE_IPAD = NO;
				SWIFT_APPROACHABLE_CONCURRENCY = YES;
				SWIFT_DEFAULT_ACTOR_ISOLATION = MainActor;
				SWIFT_EMIT_LOC_STRINGS = YES;
				SWIFT_UPCOMING_FEATURE_MEMBER_IMPORT_VISIBILITY = YES;
				SWIFT_VERSION = 5.0;
				TARGETED_DEVICE_FAMILY = "1,2";
			};
			name = Release;
		};
		A14DCA582F9E72CD001750D5 /* Debug configuration for PBXNativeTarget "daymarkTests" */ = {
			isa = XCBuildConfiguration;
			buildSettings = {
				BUNDLE_LOADER = "$(TEST_HOST)";
				CODE_SIGN_STYLE = Automatic;
				CURRENT_PROJECT_VERSION = 1;
				DEVELOPMENT_TEAM = 9F9J47QA24;
				GENERATE_INFOPLIST_FILE = YES;
				IPHONEOS_DEPLOYMENT_TARGET = 26.0;
				MARKETING_VERSION = 1.0;
				PRODUCT_BUNDLE_IDENTIFIER = com.aaroncao.daymarkTests;
				PRODUCT_NAME = "$(TARGET_NAME)";
				STRING_CATALOG_GENERATE_SYMBOLS = NO;
				SWIFT_APPROACHABLE_CONCURRENCY = YES;
				SWIFT_EMIT_LOC_STRINGS = NO;
				SWIFT_UPCOMING_FEATURE_MEMBER_IMPORT_VISIBILITY = YES;
				SWIFT_VERSION = 5.0;
				TARGETED_DEVICE_FAMILY = "1,2";
				TEST_HOST = "$(BUILT_PRODUCTS_DIR)/daymark.app/$(BUNDLE_EXECUTABLE_FOLDER_PATH)/daymark";
			};
			name = Debug;
		};
		A14DCA592F9E72CD001750D5 /* Release configuration for PBXNativeTarget "daymarkTests" */ = {
			isa = XCBuildConfiguration;
			buildSettings = {
				BUNDLE_LOADER = "$(TEST_HOST)";
				CODE_SIGN_STYLE = Automatic;
				CURRENT_PROJECT_VERSION = 1;
				DEVELOPMENT_TEAM = 9F9J47QA24;
				GENERATE_INFOPLIST_FILE = YES;
				IPHONEOS_DEPLOYMENT_TARGET = 26.0;
				MARKETING_VERSION = 1.0;
				PRODUCT_BUNDLE_IDENTIFIER = com.aaroncao.daymarkTests;
				PRODUCT_NAME = "$(TARGET_NAME)";
				STRING_CATALOG_GENERATE_SYMBOLS = NO;
				SWIFT_APPROACHABLE_CONCURRENCY = YES;
				SWIFT_EMIT_LOC_STRINGS = NO;
				SWIFT_UPCOMING_FEATURE_MEMBER_IMPORT_VISIBILITY = YES;
				SWIFT_VERSION = 5.0;
				TARGETED_DEVICE_FAMILY = "1,2";
				TEST_HOST = "$(BUILT_PRODUCTS_DIR)/daymark.app/$(BUNDLE_EXECUTABLE_FOLDER_PATH)/daymark";
			};
			name = Release;
		};
		A14DCA5B2F9E72CD001750D5 /* Debug configuration for PBXNativeTarget "daymarkUITests" */ = {
			isa = XCBuildConfiguration;
			buildSettings = {
				CODE_SIGN_STYLE = Automatic;
				CURRENT_PROJECT_VERSION = 1;
				DEVELOPMENT_TEAM = 9F9J47QA24;
				GENERATE_INFOPLIST_FILE = YES;
				IPHONEOS_DEPLOYMENT_TARGET = 26.0;
				MARKETING_VERSION = 1.0;
				PRODUCT_BUNDLE_IDENTIFIER = com.aaroncao.daymarkUITests;
				PRODUCT_NAME = "$(TARGET_NAME)";
				STRING_CATALOG_GENERATE_SYMBOLS = NO;
				SWIFT_APPROACHABLE_CONCURRENCY = YES;
				SWIFT_EMIT_LOC_STRINGS = NO;
				SWIFT_UPCOMING_FEATURE_MEMBER_IMPORT_VISIBILITY = YES;
				SWIFT_VERSION = 5.0;
				TARGETED_DEVICE_FAMILY = "1,2";
				TEST_TARGET_NAME = daymark;
			};
			name = Debug;
		};
		A14DCA5C2F9E72CD001750D5 /* Release configuration for PBXNativeTarget "daymarkUITests" */ = {
			isa = XCBuildConfiguration;
			buildSettings = {
				CODE_SIGN_STYLE = Automatic;
				CURRENT_PROJECT_VERSION = 1;
				DEVELOPMENT_TEAM = 9F9J47QA24;
				GENERATE_INFOPLIST_FILE = YES;
				IPHONEOS_DEPLOYMENT_TARGET = 26.0;
				MARKETING_VERSION = 1.0;
				PRODUCT_BUNDLE_IDENTIFIER = com.aaroncao.daymarkUITests;
				PRODUCT_NAME = "$(TARGET_NAME)";
				STRING_CATALOG_GENERATE_SYMBOLS = NO;
				SWIFT_APPROACHABLE_CONCURRENCY = YES;
				SWIFT_EMIT_LOC_STRINGS = NO;
				SWIFT_UPCOMING_FEATURE_MEMBER_IMPORT_VISIBILITY = YES;
				SWIFT_VERSION = 5.0;
				TARGETED_DEVICE_FAMILY = "1,2";
				TEST_TARGET_NAME = daymark;
			};
			name = Release;
		};
/* End XCBuildConfiguration section */

/* Begin XCConfigurationList section */
		A14DCA2C2F9E72CC001750D5 /* Build configuration list for PBXProject "daymark" */ = {
			isa = XCConfigurationList;
			buildConfigurations = (
				A14DCA522F9E72CD001750D5 /* Debug configuration for PBXProject "daymark" */,
				A14DCA532F9E72CD001750D5 /* Release configuration for PBXProject "daymark" */,
			);
			defaultConfigurationName = Release;
		};
		A14DCA542F9E72CD001750D5 /* Build configuration list for PBXNativeTarget "daymark" */ = {
			isa = XCConfigurationList;
			buildConfigurations = (
				A14DCA552F9E72CD001750D5 /* Debug configuration for PBXNativeTarget "daymark" */,
				A14DCA562F9E72CD001750D5 /* Release configuration for PBXNativeTarget "daymark" */,
			);
			defaultConfigurationName = Release;
		};
		A14DCA572F9E72CD001750D5 /* Build configuration list for PBXNativeTarget "daymarkTests" */ = {
			isa = XCConfigurationList;
			buildConfigurations = (
				A14DCA582F9E72CD001750D5 /* Debug configuration for PBXNativeTarget "daymarkTests" */,
				A14DCA592F9E72CD001750D5 /* Release configuration for PBXNativeTarget "daymarkTests" */,
			);
			defaultConfigurationName = Release;
		};
		A14DCA5A2F9E72CD001750D5 /* Build configuration list for PBXNativeTarget "daymarkUITests" */ = {
			isa = XCConfigurationList;
			buildConfigurations = (
				A14DCA5B2F9E72CD001750D5 /* Debug configuration for PBXNativeTarget "daymarkUITests" */,
				A14DCA5C2F9E72CD001750D5 /* Release configuration for PBXNativeTarget "daymarkUITests" */,
			);
			defaultConfigurationName = Release;
		};
/* End XCConfigurationList section */
	};
	rootObject = A14DCA292F9E72CC001750D5 /* Project object */;
}
